// !$*UTF8*$!
{
	archiveVersion = 1;
	classes = {
	};
	objectVersion = 46;
	objects = {

/* Begin PBXBuildFile section */
		6E67CE571CCE6540000E3579 /* GPIOTableViewController.m in Sources */ = {isa = PBXBuildFile; fileRef = 6E67CE561CCE6540000E3579 /* GPIOTableViewController.m */; };
		6E67CE5A1CCE97F2000E3579 /* GpioData.m in Sources */ = {isa = PBXBuildFile; fileRef = 6E67CE591CCE97F2000E3579 /* GpioData.m */; };
		6E67CE5D1CD0FA09000E3579 /* Protocols.m in Sources */ = {isa = PBXBuildFile; fileRef = 6E67CE5C1CD0FA09000E3579 /* Protocols.m */; };
		6E7658421CB82D5500A3BBE9 /* main.m in Sources */ = {isa = PBXBuildFile; fileRef = 6E7658411CB82D5500A3BBE9 /* main.m */; };
		6E7658451CB82D5500A3BBE9 /* AppDelegate.m in Sources */ = {isa = PBXBuildFile; fileRef = 6E7658441CB82D5500A3BBE9 /* AppDelegate.m */; };
		6E7658481CB82D5500A3BBE9 /* ViewController.m in Sources */ = {isa = PBXBuildFile; fileRef = 6E7658471CB82D5500A3BBE9 /* ViewController.m */; };
		6E76584B1CB82D5500A3BBE9 /* Main.storyboard in Resources */ = {isa = PBXBuildFile; fileRef = 6E7658491CB82D5500A3BBE9 /* Main.storyboard */; };
		6E76584D1CB82D5500A3BBE9 /* Assets.xcassets in Resources */ = {isa = PBXBuildFile; fileRef = 6E76584C1CB82D5500A3BBE9 /* Assets.xcassets */; };
		6E7658501CB82D5500A3BBE9 /* LaunchScreen.storyboard in Resources */ = {isa = PBXBuildFile; fileRef = 6E76584E1CB82D5500A3BBE9 /* LaunchScreen.storyboard */; };
		6E76585B1CB82D5600A3BBE9 /* ArduinoControllerTests.m in Sources */ = {isa = PBXBuildFile; fileRef = 6E76585A1CB82D5600A3BBE9 /* ArduinoControllerTests.m */; };
		6E7658661CB82D5600A3BBE9 /* ArduinoControllerUITests.m in Sources */ = {isa = PBXBuildFile; fileRef = 6E7658651CB82D5600A3BBE9 /* ArduinoControllerUITests.m */; };
		6EB6E8F21CC193D000007098 /* IncomingData.m in Sources */ = {isa = PBXBuildFile; fileRef = 6EB6E8F11CC193D000007098 /* IncomingData.m */; };
		6EE0A1131CCA80B3005A0832 /* PersonalityEntity.m in Sources */ = {isa = PBXBuildFile; fileRef = 6EE0A1121CCA80B3005A0832 /* PersonalityEntity.m */; };
		6EE0A1161CCA9891005A0832 /* PersonalityData.m in Sources */ = {isa = PBXBuildFile; fileRef = 6EE0A1151CCA9891005A0832 /* PersonalityData.m */; };
		6EF749781CC020E600802338 /* ScanDevicesTableViewController.m in Sources */ = {isa = PBXBuildFile; fileRef = 6EF749771CC020E600802338 /* ScanDevicesTableViewController.m */; };
/* End PBXBuildFile section */

/* Begin PBXContainerItemProxy section */
		6E7658571CB82D5600A3BBE9 /* PBXContainerItemProxy */ = {
			isa = PBXContainerItemProxy;
			containerPortal = 6E7658351CB82D5500A3BBE9 /* Project object */;
			proxyType = 1;
			remoteGlobalIDString = 6E76583C1CB82D5500A3BBE9;
			remoteInfo = ArduinoController;
		};
		6E7658621CB82D5600A3BBE9 /* PBXContainerItemProxy */ = {
			isa = PBXContainerItemProxy;
			containerPortal = 6E7658351CB82D5500A3BBE9 /* Project object */;
			proxyType = 1;
			remoteGlobalIDString = 6E76583C1CB82D5500A3BBE9;
			remoteInfo = ArduinoController;
		};
/* End PBXContainerItemProxy section */

/* Begin PBXFileReference section */
		6E67CE551CCE6540000E3579 /* GPIOTableViewController.h */ = {isa = PBXFileReference; fileEncoding = 4; lastKnownFileType = sourcecode.c.h; path = GPIOTableViewController.h; sourceTree = "<group>"; };
		6E67CE561CCE6540000E3579 /* GPIOTableViewController.m */ = {isa = PBXFileReference; fileEncoding = 4; lastKnownFileType = sourcecode.c.objc; path = GPIOTableViewController.m; sourceTree = "<group>"; };
		6E67CE581CCE97F2000E3579 /* GpioData.h */ = {isa = PBXFileReference; fileEncoding = 4; lastKnownFileType = sourcecode.c.h; path = GpioData.h; sourceTree = "<group>"; };
		6E67CE591CCE97F2000E3579 /* GpioData.m */ = {isa = PBXFileReference; fileEncoding = 4; lastKnownFileType = sourcecode.c.objc; path = GpioData.m; sourceTree = "<group>"; };
		6E67CE5B1CD0FA09000E3579 /* Protocols.h */ = {isa = PBXFileReference; fileEncoding = 4; lastKnownFileType = sourcecode.c.h; path = Protocols.h; sourceTree = "<group>"; };
		6E67CE5C1CD0FA09000E3579 /* Protocols.m */ = {isa = PBXFileReference; fileEncoding = 4; lastKnownFileType = sourcecode.c.objc; path = Protocols.m; sourceTree = "<group>"; };
		6E76583D1CB82D5500A3BBE9 /* ArduinoController.app */ = {isa = PBXFileReference; explicitFileType = wrapper.application; includeInIndex = 0; path = ArduinoController.app; sourceTree = BUILT_PRODUCTS_DIR; };
		6E7658411CB82D5500A3BBE9 /* main.m */ = {isa = PBXFileReference; lastKnownFileType = sourcecode.c.objc; path = main.m; sourceTree = "<group>"; };
		6E7658431CB82D5500A3BBE9 /* AppDelegate.h */ = {isa = PBXFileReference; lastKnownFileType = sourcecode.c.h; path = AppDelegate.h; sourceTree = "<group>"; };
		6E7658441CB82D5500A3BBE9 /* AppDelegate.m */ = {isa = PBXFileReference; lastKnownFileType = sourcecode.c.objc; path = AppDelegate.m; sourceTree = "<group>"; };
		6E7658461CB82D5500A3BBE9 /* ViewController.h */ = {isa = PBXFileReference; lastKnownFileType = sourcecode.c.h; path = ViewController.h; sourceTree = "<group>"; };
		6E7658471CB82D5500A3BBE9 /* ViewController.m */ = {isa = PBXFileReference; lastKnownFileType = sourcecode.c.objc; path = ViewController.m; sourceTree = "<group>"; };
		6E76584A1CB82D5500A3BBE9 /* Base */ = {isa = PBXFileReference; lastKnownFileType = file.storyboard; name = Base; path = Base.lproj/Main.storyboard; sourceTree = "<group>"; };
		6E76584C1CB82D5500A3BBE9 /* Assets.xcassets */ = {isa = PBXFileReference; lastKnownFileType = folder.assetcatalog; path = Assets.xcassets; sourceTree = "<group>"; };
		6E76584F1CB82D5500A3BBE9 /* Base */ = {isa = PBXFileReference; lastKnownFileType = file.storyboard; name = Base; path = Base.lproj/LaunchScreen.storyboard; sourceTree = "<group>"; };
		6E7658511CB82D5500A3BBE9 /* Info.plist */ = {isa = PBXFileReference; lastKnownFileType = text.plist.xml; path = Info.plist; sourceTree = "<group>"; };
		6E7658561CB82D5600A3BBE9 /* ArduinoControllerTests.xctest */ = {isa = PBXFileReference; explicitFileType = wrapper.cfbundle; includeInIndex = 0; path = ArduinoControllerTests.xctest; sourceTree = BUILT_PRODUCTS_DIR; };
		6E76585A1CB82D5600A3BBE9 /* ArduinoControllerTests.m */ = {isa = PBXFileReference; lastKnownFileType = sourcecode.c.objc; path = ArduinoControllerTests.m; sourceTree = "<group>"; };
		6E76585C1CB82D5600A3BBE9 /* Info.plist */ = {isa = PBXFileReference; lastKnownFileType = text.plist.xml; path = Info.plist; sourceTree = "<group>"; };
		6E7658611CB82D5600A3BBE9 /* ArduinoControllerUITests.xctest */ = {isa = PBXFileReference; explicitFileType = wrapper.cfbundle; includeInIndex = 0; path = ArduinoControllerUITests.xctest; sourceTree = BUILT_PRODUCTS_DIR; };
		6E7658651CB82D5600A3BBE9 /* ArduinoControllerUITests.m */ = {isa = PBXFileReference; lastKnownFileType = sourcecode.c.objc; path = ArduinoControllerUITests.m; sourceTree = "<group>"; };
		6E7658671CB82D5600A3BBE9 /* Info.plist */ = {isa = PBXFileReference; lastKnownFileType = text.plist.xml; path = Info.plist; sourceTree = "<group>"; };
		6EB6E8F01CC193D000007098 /* IncomingData.h */ = {isa = PBXFileReference; fileEncoding = 4; lastKnownFileType = sourcecode.c.h; path = IncomingData.h; sourceTree = "<group>"; };
		6EB6E8F11CC193D000007098 /* IncomingData.m */ = {isa = PBXFileReference; fileEncoding = 4; lastKnownFileType = sourcecode.c.objc; path = IncomingData.m; sourceTree = "<group>"; };
		6EE0A1111CCA80B3005A0832 /* PersonalityEntity.h */ = {isa = PBXFileReference; fileEncoding = 4; lastKnownFileType = sourcecode.c.h; path = PersonalityEntity.h; sourceTree = "<group>"; };
		6EE0A1121CCA80B3005A0832 /* PersonalityEntity.m */ = {isa = PBXFileReference; fileEncoding = 4; lastKnownFileType = sourcecode.c.objc; path = PersonalityEntity.m; sourceTree = "<group>"; };
		6EE0A1141CCA9891005A0832 /* PersonalityData.h */ = {isa = PBXFileReference; fileEncoding = 4; lastKnownFileType = sourcecode.c.h; path = PersonalityData.h; sourceTree = "<group>"; };
		6EE0A1151CCA9891005A0832 /* PersonalityData.m */ = {isa = PBXFileReference; fileEncoding = 4; lastKnownFileType = sourcecode.c.objc; path = PersonalityData.m; sourceTree = "<group>"; };
		6EF749761CC020E600802338 /* ScanDevicesTableViewController.h */ = {isa = PBXFileReference; fileEncoding = 4; lastKnownFileType = sourcecode.c.h; path = ScanDevicesTableViewController.h; sourceTree = "<group>"; };
		6EF749771CC020E600802338 /* ScanDevicesTableViewController.m */ = {isa = PBXFileReference; fileEncoding = 4; lastKnownFileType = sourcecode.c.objc; path = ScanDevicesTableViewController.m; sourceTree = "<group>"; };
/* End PBXFileReference section */

/* Begin PBXFrameworksBuildPhase section */
		6E76583A1CB82D5500A3BBE9 /* Frameworks */ = {
			isa = PBXFrameworksBuildPhase;
			buildActionMask = 2147483647;
			files = (
			);
			runOnlyForDeploymentPostprocessing = 0;
		};
		6E7658531CB82D5600A3BBE9 /* Frameworks */ = {
			isa = PBXFrameworksBuildPhase;
			buildActionMask = 2147483647;
			files = (
			);
			runOnlyForDeploymentPostprocessing = 0;
		};
		6E76585E1CB82D5600A3BBE9 /* Frameworks */ = {
			isa = PBXFrameworksBuildPhase;
			buildActionMask = 2147483647;
			files = (
			);
			runOnlyForDeploymentPostprocessing = 0;
		};
/* End PBXFrameworksBuildPhase section */

/* Begin PBXGroup section */
		6E7658341CB82D5500A3BBE9 = {
			isa = PBXGroup;
			children = (
				6E76583F1CB82D5500A3BBE9 /* ArduinoController */,
				6E7658591CB82D5600A3BBE9 /* ArduinoControllerTests */,
				6E7658641CB82D5600A3BBE9 /* ArduinoControllerUITests */,
				6E76583E1CB82D5500A3BBE9 /* Products */,
			);
			sourceTree = "<group>";
		};
		6E76583E1CB82D5500A3BBE9 /* Products */ = {
			isa = PBXGroup;
			children = (
				6E76583D1CB82D5500A3BBE9 /* ArduinoController.app */,
				6E7658561CB82D5600A3BBE9 /* ArduinoControllerTests.xctest */,
				6E7658611CB82D5600A3BBE9 /* ArduinoControllerUITests.xctest */,
			);
			name = Products;
			sourceTree = "<group>";
		};
		6E76583F1CB82D5500A3BBE9 /* ArduinoController */ = {
			isa = PBXGroup;
			children = (
				6E7658431CB82D5500A3BBE9 /* AppDelegate.h */,
				6E7658441CB82D5500A3BBE9 /* AppDelegate.m */,
				6E7658461CB82D5500A3BBE9 /* ViewController.h */,
				6E7658471CB82D5500A3BBE9 /* ViewController.m */,
				6EF749761CC020E600802338 /* ScanDevicesTableViewController.h */,
				6EF749771CC020E600802338 /* ScanDevicesTableViewController.m */,
				6E67CE551CCE6540000E3579 /* GPIOTableViewController.h */,
				6E67CE561CCE6540000E3579 /* GPIOTableViewController.m */,
				6EB6E8F01CC193D000007098 /* IncomingData.h */,
				6EB6E8F11CC193D000007098 /* IncomingData.m */,
				6EE0A1141CCA9891005A0832 /* PersonalityData.h */,
				6EE0A1151CCA9891005A0832 /* PersonalityData.m */,
				6E67CE581CCE97F2000E3579 /* GpioData.h */,
				6E67CE591CCE97F2000E3579 /* GpioData.m */,
				6EE0A1111CCA80B3005A0832 /* PersonalityEntity.h */,
				6EE0A1121CCA80B3005A0832 /* PersonalityEntity.m */,
				6E67CE5B1CD0FA09000E3579 /* Protocols.h */,
				6E67CE5C1CD0FA09000E3579 /* Protocols.m */,
				6E7658491CB82D5500A3BBE9 /* Main.storyboard */,
				6E76584C1CB82D5500A3BBE9 /* Assets.xcassets */,
				6E76584E1CB82D5500A3BBE9 /* LaunchScreen.storyboard */,
				6E7658511CB82D5500A3BBE9 /* Info.plist */,
				6E7658401CB82D5500A3BBE9 /* Supporting Files */,
			);
			path = ArduinoController;
			sourceTree = "<group>";
		};
		6E7658401CB82D5500A3BBE9 /* Supporting Files */ = {
			isa = PBXGroup;
			children = (
				6E7658411CB82D5500A3BBE9 /* main.m */,
			);
			name = "Supporting Files";
			sourceTree = "<group>";
		};
		6E7658591CB82D5600A3BBE9 /* ArduinoControllerTests */ = {
			isa = PBXGroup;
			children = (
				6E76585A1CB82D5600A3BBE9 /* ArduinoControllerTests.m */,
				6E76585C1CB82D5600A3BBE9 /* Info.plist */,
			);
			path = ArduinoControllerTests;
			sourceTree = "<group>";
		};
		6E7658641CB82D5600A3BBE9 /* ArduinoControllerUITests */ = {
			isa = PBXGroup;
			children = (
				6E7658651CB82D5600A3BBE9 /* ArduinoControllerUITests.m */,
				6E7658671CB82D5600A3BBE9 /* Info.plist */,
			);
			path = ArduinoControllerUITests;
			sourceTree = "<group>";
		};
/* End PBXGroup section */

/* Begin PBXNativeTarget section */
		6E76583C1CB82D5500A3BBE9 /* ArduinoController */ = {
			isa = PBXNativeTarget;
			buildConfigurationList = 6E76586A1CB82D5600A3BBE9 /* Build configuration list for PBXNativeTarget "ArduinoController" */;
			buildPhases = (
				6E7658391CB82D5500A3BBE9 /* Sources */,
				6E76583A1CB82D5500A3BBE9 /* Frameworks */,
				6E76583B1CB82D5500A3BBE9 /* Resources */,
			);
			buildRules = (
			);
			dependencies = (
			);
			name = ArduinoController;
			productName = ArduinoController;
			productReference = 6E76583D1CB82D5500A3BBE9 /* ArduinoController.app */;
			productType = "com.apple.product-type.application";
		};
		6E7658551CB82D5600A3BBE9 /* ArduinoControllerTests */ = {
			isa = PBXNativeTarget;
			buildConfigurationList = 6E76586D1CB82D5600A3BBE9 /* Build configuration list for PBXNativeTarget "ArduinoControllerTests" */;
			buildPhases = (
				6E7658521CB82D5600A3BBE9 /* Sources */,
				6E7658531CB82D5600A3BBE9 /* Frameworks */,
				6E7658541CB82D5600A3BBE9 /* Resources */,
			);
			buildRules = (
			);
			dependencies = (
				6E7658581CB82D5600A3BBE9 /* PBXTargetDependency */,
			);
			name = ArduinoControllerTests;
			productName = ArduinoControllerTests;
			productReference = 6E7658561CB82D5600A3BBE9 /* ArduinoControllerTests.xctest */;
			productType = "com.apple.product-type.bundle.unit-test";
		};
		6E7658601CB82D5600A3BBE9 /* ArduinoControllerUITests */ = {
			isa = PBXNativeTarget;
			buildConfigurationList = 6E7658701CB82D5600A3BBE9 /* Build configuration list for PBXNativeTarget "ArduinoControllerUITests" */;
			buildPhases = (
				6E76585D1CB82D5600A3BBE9 /* Sources */,
				6E76585E1CB82D5600A3BBE9 /* Frameworks */,
				6E76585F1CB82D5600A3BBE9 /* Resources */,
			);
			buildRules = (
			);
			dependencies = (
				6E7658631CB82D5600A3BBE9 /* PBXTargetDependency */,
			);
			name = ArduinoControllerUITests;
			productName = ArduinoControllerUITests;
			productReference = 6E7658611CB82D5600A3BBE9 /* ArduinoControllerUITests.xctest */;
			productType = "com.apple.product-type.bundle.ui-testing";
		};
/* End PBXNativeTarget section */

/* Begin PBXProject section */
		6E7658351CB82D5500A3BBE9 /* Project object */ = {
			isa = PBXProject;
			attributes = {
				LastUpgradeCheck = 0720;
				ORGANIZATIONNAME = "Juan Espinosa";
				TargetAttributes = {
					6E76583C1CB82D5500A3BBE9 = {
						CreatedOnToolsVersion = 7.2.1;
						DevelopmentTeam = 7LH9M4R7DE;
					};
					6E7658551CB82D5600A3BBE9 = {
						CreatedOnToolsVersion = 7.2.1;
						DevelopmentTeam = 7LH9M4R7DE;
						TestTargetID = 6E76583C1CB82D5500A3BBE9;
					};
					6E7658601CB82D5600A3BBE9 = {
						CreatedOnToolsVersion = 7.2.1;
						DevelopmentTeam = 7LH9M4R7DE;
						TestTargetID = 6E76583C1CB82D5500A3BBE9;
					};
				};
			};
			buildConfigurationList = 6E7658381CB82D5500A3BBE9 /* Build configuration list for PBXProject "ArduinoController" */;
			compatibilityVersion = "Xcode 3.2";
			developmentRegion = English;
			hasScannedForEncodings = 0;
			knownRegions = (
				en,
				Base,
			);
			mainGroup = 6E7658341CB82D5500A3BBE9;
			productRefGroup = 6E76583E1CB82D5500A3BBE9 /* Products */;
			projectDirPath = "";
			projectRoot = "";
			targets = (
				6E76583C1CB82D5500A3BBE9 /* ArduinoController */,
				6E7658551CB82D5600A3BBE9 /* ArduinoControllerTests */,
				6E7658601CB82D5600A3BBE9 /* ArduinoControllerUITests */,
			);
		};
/* End PBXProject section */

/* Begin PBXResourcesBuildPhase section */
		6E76583B1CB82D5500A3BBE9 /* Resources */ = {
			isa = PBXResourcesBuildPhase;
			buildActionMask = 2147483647;
			files = (
				6E7658501CB82D5500A3BBE9 /* LaunchScreen.storyboard in Resources */,
				6E76584D1CB82D5500A3BBE9 /* Assets.xcassets in Resources */,
				6E76584B1CB82D5500A3BBE9 /* Main.storyboard in Resources */,
			);
			runOnlyForDeploymentPostprocessing = 0;
		};
		6E7658541CB82D5600A3BBE9 /* Resources */ = {
			isa = PBXResourcesBuildPhase;
			buildActionMask = 2147483647;
			files = (
			);
			runOnlyForDeploymentPostprocessing = 0;
		};
		6E76585F1CB82D5600A3BBE9 /* Resources */ = {
			isa = PBXResourcesBuildPhase;
			buildActionMask = 2147483647;
			files = (
			);
			runOnlyForDeploymentPostprocessing = 0;
		};
/* End PBXResourcesBuildPhase section */

/* Begin PBXSourcesBuildPhase section */
		6E7658391CB82D5500A3BBE9 /* Sources */ = {
			isa = PBXSourcesBuildPhase;
			buildActionMask = 2147483647;
			files = (
				6EB6E8F21CC193D000007098 /* IncomingData.m in Sources */,
				6EE0A1161CCA9891005A0832 /* PersonalityData.m in Sources */,
				6E67CE571CCE6540000E3579 /* GPIOTableViewController.m in Sources */,
				6E7658481CB82D5500A3BBE9 /* ViewController.m in Sources */,
				6E67CE5A1CCE97F2000E3579 /* GpioData.m in Sources */,
				6E67CE5D1CD0FA09000E3579 /* Protocols.m in Sources */,
				6E7658451CB82D5500A3BBE9 /* AppDelegate.m in Sources */,
				6E7658421CB82D5500A3BBE9 /* main.m in Sources */,
				6EF749781CC020E600802338 /* ScanDevicesTableViewController.m in Sources */,
				6EE0A1131CCA80B3005A0832 /* PersonalityEntity.m in Sources */,
			);
			runOnlyForDeploymentPostprocessing = 0;
		};
		6E7658521CB82D5600A3BBE9 /* Sources */ = {
			isa = PBXSourcesBuildPhase;
			buildActionMask = 2147483647;
			files = (
				6E76585B1CB82D5600A3BBE9 /* ArduinoControllerTests.m in Sources */,
			);
			runOnlyForDeploymentPostprocessing = 0;
		};
		6E76585D1CB82D5600A3BBE9 /* Sources */ = {
			isa = PBXSourcesBuildPhase;
			buildActionMask = 2147483647;
			files = (
				6E7658661CB82D5600A3BBE9 /* ArduinoControllerUITests.m in Sources */,
			);
			runOnlyForDeploymentPostprocessing = 0;
		};
/* End PBXSourcesBuildPhase section */

/* Begin PBXTargetDependency section */
		6E7658581CB82D5600A3BBE9 /* PBXTargetDependency */ = {
			isa = PBXTargetDependency;
			target = 6E76583C1CB82D5500A3BBE9 /* ArduinoController */;
			targetProxy = 6E7658571CB82D5600A3BBE9 /* PBXContainerItemProxy */;
		};
		6E7658631CB82D5600A3BBE9 /* PBXTargetDependency */ = {
			isa = PBXTargetDependency;
			target = 6E76583C1CB82D5500A3BBE9 /* ArduinoController */;
			targetProxy = 6E7658621CB82D5600A3BBE9 /* PBXContainerItemProxy */;
		};
/* End PBXTargetDependency section */

/* Begin PBXVariantGroup section */
		6E7658491CB82D5500A3BBE9 /* Main.storyboard */ = {
			isa = PBXVariantGroup;
			children = (
				6E76584A1CB82D5500A3BBE9 /* Base */,
			);
			name = Main.storyboard;
			sourceTree = "<group>";
		};
		6E76584E1CB82D5500A3BBE9 /* LaunchScreen.storyboard */ = {
			isa = PBXVariantGroup;
			children = (
				6E76584F1CB82D5500A3BBE9 /* Base */,
			);
			name = LaunchScreen.storyboard;
			sourceTree = "<group>";
		};
/* End PBXVariantGroup section */

/* Begin XCBuildConfiguration section */
		6E7658681CB82D5600A3BBE9 /* Debug */ = {
			isa = XCBuildConfiguration;
			buildSettings = {
				ALWAYS_SEARCH_USER_PATHS = NO;
				CLANG_CXX_LANGUAGE_STANDARD = "gnu++0x";
				CLANG_CXX_LIBRARY = "libc++";
				CLANG_ENABLE_MODULES = YES;
				CLANG_ENABLE_OBJC_ARC = YES;
				CLANG_WARN_BOOL_CONVERSION = YES;
				CLANG_WARN_CONSTANT_CONVERSION = YES;
				CLANG_WARN_DIRECT_OBJC_ISA_USAGE = YES_ERROR;
				CLANG_WARN_EMPTY_BODY = YES;
				CLANG_WARN_ENUM_CONVERSION = YES;
				CLANG_WARN_INT_CONVERSION = YES;
				CLANG_WARN_OBJC_ROOT_CLASS = YES_ERROR;
				CLANG_WARN_UNREACHABLE_CODE = YES;
				CLANG_WARN__DUPLICATE_METHOD_MATCH = YES;
				"CODE_SIGN_IDENTITY[sdk=iphoneos*]" = "iPhone Developer";
				COPY_PHASE_STRIP = NO;
				DEBUG_INFORMATION_FORMAT = dwarf;
				ENABLE_STRICT_OBJC_MSGSEND = YES;
				ENABLE_TESTABILITY = YES;
				GCC_C_LANGUAGE_STANDARD = gnu99;
				GCC_DYNAMIC_NO_PIC = NO;
				GCC_NO_COMMON_BLOCKS = YES;
				GCC_OPTIMIZATION_LEVEL = 0;
				GCC_PREPROCESSOR_DEFINITIONS = (
					"DEBUG=1",
					"$(inherited)",
				);
				GCC_WARN_64_TO_32_BIT_CONVERSION = YES;
				GCC_WARN_ABOUT_RETURN_TYPE = YES_ERROR;
				GCC_WARN_UNDECLARED_SELECTOR = YES;
				GCC_WARN_UNINITIALIZED_AUTOS = YES_AGGRESSIVE;
				GCC_WARN_UNUSED_FUNCTION = YES;
				GCC_WARN_UNUSED_VARIABLE = YES;
				IPHONEOS_DEPLOYMENT_TARGET = 9.2;
				MTL_ENABLE_DEBUG_INFO = YES;
				ONLY_ACTIVE_ARCH = YES;
				SDKROOT = iphoneos;
			};
			name = Debug;
		};
		6E7658691CB82D5600A3BBE9 /* Release */ = {
			isa = XCBuildConfiguration;
			buildSettings = {
				ALWAYS_SEARCH_USER_PATHS = NO;
				CLANG_CXX_LANGUAGE_STANDARD = "gnu++0x";
				CLANG_CXX_LIBRARY = "libc++";
				CLANG_ENABLE_MODULES = YES;
				CLANG_ENABLE_OBJC_ARC = YES;
				CLANG_WARN_BOOL_CONVERSION = YES;
				CLANG_WARN_CONSTANT_CONVERSION = YES;
				CLANG_WARN_DIRECT_OBJC_ISA_USAGE = YES_ERROR;
				CLANG_WARN_EMPTY_BODY = YES;
				CLANG_WARN_ENUM_CONVERSION = YES;
				CLANG_WARN_INT_CONVERSION = YES;
				CLANG_WARN_OBJC_ROOT_CLASS = YES_ERROR;
				CLANG_WARN_UNREACHABLE_CODE = YES;
				CLANG_WARN__DUPLICATE_METHOD_MATCH = YES;
				"CODE_SIGN_IDENTITY[sdk=iphoneos*]" = "iPhone Developer";
				COPY_PHASE_STRIP = NO;
				DEBUG_INFORMATION_FORMAT = "dwarf-with-dsym";
				ENABLE_NS_ASSERTIONS = NO;
				ENABLE_STRICT_OBJC_MSGSEND = YES;
				GCC_C_LANGUAGE_STANDARD = gnu99;
				GCC_NO_COMMON_BLOCKS = YES;
				GCC_WARN_64_TO_32_BIT_CONVERSION = YES;
				GCC_WARN_ABOUT_RETURN_TYPE = YES_ERROR;
				GCC_WARN_UNDECLARED_SELECTOR = YES;
				GCC_WARN_UNINITIALIZED_AUTOS = YES_AGGRESSIVE;
				GCC_WARN_UNUSED_FUNCTION = YES;
				GCC_WARN_UNUSED_VARIABLE = YES;
				IPHONEOS_DEPLOYMENT_TARGET = 9.2;
				MTL_ENABLE_DEBUG_INFO = NO;
				SDKROOT = iphoneos;
				VALIDATE_PRODUCT = YES;
			};
			name = Release;
		};
		6E76586B1CB82D5600A3BBE9 /* Debug */ = {
			isa = XCBuildConfiguration;
			buildSettings = {
				ASSETCATALOG_COMPILER_APPICON_NAME = AppIcon;
				INFOPLIST_FILE = ArduinoController/Info.plist;
				IPHONEOS_DEPLOYMENT_TARGET = 8.1;
				LD_RUNPATH_SEARCH_PATHS = "$(inherited) @executable_path/Frameworks";
				PRODUCT_BUNDLE_IDENTIFIER = manglaris.ArduinoController;
				PRODUCT_NAME = "$(TARGET_NAME)";
			};
			name = Debug;
		};
		6E76586C1CB82D5600A3BBE9 /* Release */ = {
			isa = XCBuildConfiguration;
			buildSettings = {
				ASSETCATALOG_COMPILER_APPICON_NAME = AppIcon;
				INFOPLIST_FILE = ArduinoController/Info.plist;
				IPHONEOS_DEPLOYMENT_TARGET = 8.1;
				LD_RUNPATH_SEARCH_PATHS = "$(inherited) @executable_path/Frameworks";
				PRODUCT_BUNDLE_IDENTIFIER = manglaris.ArduinoController;
				PRODUCT_NAME = "$(TARGET_NAME)";
			};
			name = Release;
		};
		6E76586E1CB82D5600A3BBE9 /* Debug */ = {
			isa = XCBuildConfiguration;
			buildSettings = {
				BUNDLE_LOADER = "$(TEST_HOST)";
				INFOPLIST_FILE = ArduinoControllerTests/Info.plist;
				LD_RUNPATH_SEARCH_PATHS = "$(inherited) @executable_path/Frameworks @loader_path/Frameworks";
				PRODUCT_BUNDLE_IDENTIFIER = manglaris.ArduinoControllerTests;
				PRODUCT_NAME = "$(TARGET_NAME)";
				TEST_HOST = "$(BUILT_PRODUCTS_DIR)/ArduinoController.app/ArduinoController";
			};
			name = Debug;
		};
		6E76586F1CB82D5600A3BBE9 /* Release */ = {
			isa = XCBuildConfiguration;
			buildSettings = {
				BUNDLE_LOADER = "$(TEST_HOST)";
				INFOPLIST_FILE = ArduinoControllerTests/Info.plist;
				LD_RUNPATH_SEARCH_PATHS = "$(inherited) @executable_path/Frameworks @loader_path/Frameworks";
				PRODUCT_BUNDLE_IDENTIFIER = manglaris.ArduinoControllerTests;
				PRODUCT_NAME = "$(TARGET_NAME)";
				TEST_HOST = "$(BUILT_PRODUCTS_DIR)/ArduinoController.app/ArduinoController";
			};
			name = Release;
		};
		6E7658711CB82D5600A3BBE9 /* Debug */ = {
			isa = XCBuildConfiguration;
			buildSettings = {
				INFOPLIST_FILE = ArduinoControllerUITests/Info.plist;
				LD_RUNPATH_SEARCH_PATHS = "$(inherited) @executable_path/Frameworks @loader_path/Frameworks";
				PRODUCT_BUNDLE_IDENTIFIER = manglaris.ArduinoControllerUITests;
				PRODUCT_NAME = "$(TARGET_NAME)";
				TEST_TARGET_NAME = ArduinoController;
				USES_XCTRUNNER = YES;
			};
			name = Debug;
		};
		6E7658721CB82D5600A3BBE9 /* Release */ = {
			isa = XCBuildConfiguration;
			buildSettings = {
				INFOPLIST_FILE = ArduinoControllerUITests/Info.plist;
				LD_RUNPATH_SEARCH_PATHS = "$(inherited) @executable_path/Frameworks @loader_path/Frameworks";
				PRODUCT_BUNDLE_IDENTIFIER = manglaris.ArduinoControllerUITests;
				PRODUCT_NAME = "$(TARGET_NAME)";
				TEST_TARGET_NAME = ArduinoController;
				USES_XCTRUNNER = YES;
			};
			name = Release;
		};
/* End XCBuildConfiguration section */

/* Begin XCConfigurationList section */
		6E7658381CB82D5500A3BBE9 /* Build configuration list for PBXProject "ArduinoController" */ = {
			isa = XCConfigurationList;
			buildConfigurations = (
				6E7658681CB82D5600A3BBE9 /* Debug */,
				6E7658691CB82D5600A3BBE9 /* Release */,
			);
			defaultConfigurationIsVisible = 0;
			defaultConfigurationName = Release;
		};
		6E76586A1CB82D5600A3BBE9 /* Build configuration list for PBXNativeTarget "ArduinoController" */ = {
			isa = XCConfigurationList;
			buildConfigurations = (
				6E76586B1CB82D5600A3BBE9 /* Debug */,
				6E76586C1CB82D5600A3BBE9 /* Release */,
			);
			defaultConfigurationIsVisible = 0;
			defaultConfigurationName = Release;
		};
		6E76586D1CB82D5600A3BBE9 /* Build configuration list for PBXNativeTarget "ArduinoControllerTests" */ = {
			isa = XCConfigurationList;
			buildConfigurations = (
				6E76586E1CB82D5600A3BBE9 /* Debug */,
				6E76586F1CB82D5600A3BBE9 /* Release */,
			);
			defaultConfigurationIsVisible = 0;
			defaultConfigurationName = Release;
		};
		6E7658701CB82D5600A3BBE9 /* Build configuration list for PBXNativeTarget "ArduinoControllerUITests" */ = {
			isa = XCConfigurationList;
			buildConfigurations = (
				6E7658711CB82D5600A3BBE9 /* Debug */,
				6E7658721CB82D5600A3BBE9 /* Release */,
			);
			defaultConfigurationIsVisible = 0;
			defaultConfigurationName = Release;
		};
/* End XCConfigurationList section */
	};
	rootObject = 6E7658351CB82D5500A3BBE9 /* Project object */;
}
